schema: '2.0'
stages:
  data_ingestion:
    cmd: python src/data_ingestion.py
    deps:
    - path: src/data_ingestion.py
      hash: md5
      md5: a4e52936e0186790c894a8eda5b82907
      size: 3741
    params:
      params.yaml:
        data_ingestion.test_size: 0.15
    outs:
    - path: data/raw
      hash: md5
      md5: a15ba66afdf82f8659b031b175286ed3.dir
      size: 484846
      nfiles: 2
  data_preprocessing:
    cmd: python src/data_preprocessing.py
    deps:
    - path: data/raw
      hash: md5
      md5: a15ba66afdf82f8659b031b175286ed3.dir
      size: 484846
      nfiles: 2
    - path: src/data_preprocessing.py
      hash: md5
      md5: eab41f11b4ce1d2d1736886fbde08135
      size: 3892
    outs:
    - path: data/interim
      hash: md5
      md5: 60a6fff4e80508df65a68e383fa2725e.dir
      size: 259164
      nfiles: 2
  feature_engineering:
    cmd: python src/feature_engineering.py
    deps:
    - path: data/interim
      hash: md5
      md5: 60a6fff4e80508df65a68e383fa2725e.dir
      size: 259164
      nfiles: 2
    - path: src/feature_engineering.py
      hash: md5
      md5: ce1889389f165bfd8d9f815336443d80
      size: 3799
    params:
      params.yaml:
        feature_engineering.max_features: 50
    outs:
    - path: data/processed
      hash: md5
      md5: df249199c6623016faded25297343688.dir
      size: 1177120
      nfiles: 2
  model_building:
    cmd: python src/model_building.py
    deps:
    - path: data/processed
      hash: md5
      md5: df249199c6623016faded25297343688.dir
      size: 1177120
      nfiles: 2
    - path: src/model_building.py
      hash: md5
      md5: c8e5e4cf045dda3309197bbe7c62d283
      size: 4388
    params:
      params.yaml:
        model_building.n_estimators: 50
        model_building.random_state: 2
    outs:
    - path: models/model.pkl
      hash: md5
      md5: d7657f50ab9725133dba8786042c8778
      size: 2094967
  model_evaluation:
    cmd: python src/model_evaluation.py
    deps:
    - path: models/model.pkl
      hash: md5
      md5: d7657f50ab9725133dba8786042c8778
      size: 2094967
    - path: src/model_evaluation.py
      hash: md5
      md5: efb1de9838f57b0e50862992a47805df
      size: 4502
    outs:
    - path: reports/metrics.json
      hash: md5
      md5: 860a4ebb7ef9101fc4096a1ed8928e73
      size: 132
